{
  "nodes": {
    "docker-nixpkgs": {
      "flake": false,
      "locked": {
        "lastModified": 1764690098,
        "narHash": "sha256-dCcMzcKlI9hB0EL2/odCyrouVKHmi9m/K2awJGho3oc=",
        "owner": "nix-community",
        "repo": "docker-nixpkgs",
        "rev": "10b83cdcf12c7d37db50cd8d2c68b336881b91de",
        "type": "github"
      },
      "original": {
        "owner": "nix-community",
        "repo": "docker-nixpkgs",
        "type": "github"
      }
    },
    "flake-compat": {
      "flake": false,
      "locked": {
        "lastModified": 1767039857,
        "narHash": "sha256-vNpUSpF5Nuw8xvDLj2KCwwksIbjua2LZCqhV1LNRDns=",
        "owner": "edolstra",
        "repo": "flake-compat",
        "rev": "5edf11c44bc78a0d334f6334cdaf7d60d732daab",
        "type": "github"
      },
      "original": {
        "owner": "edolstra",
        "repo": "flake-compat",
        "type": "github"
      }
    },
    "futils": {
      "inputs": {
        "systems": "systems"
      },
      "locked": {
        "lastModified": 1731533236,
        "narHash": "sha256-l0KFg5HjrsfsO/JpG+r7fRrqm12kzFHyUHqHCVpMMbI=",
        "owner": "numtide",
        "repo": "flake-utils",
        "rev": "11707dc2f618dd54ca8739b309ec4fc024de578b",
        "type": "github"
      },
      "original": {
        "owner": "numtide",
        "repo": "flake-utils",
        "type": "github"
      }
    },
    "futils_2": {
      "inputs": {
        "systems": "systems_2"
      },
      "locked": {
        "lastModified": 1731533236,
        "narHash": "sha256-l0KFg5HjrsfsO/JpG+r7fRrqm12kzFHyUHqHCVpMMbI=",
        "owner": "numtide",
        "repo": "flake-utils",
        "rev": "11707dc2f618dd54ca8739b309ec4fc024de578b",
        "type": "github"
      },
      "original": {
        "owner": "numtide",
        "repo": "flake-utils",
        "type": "github"
      }
    },
    "machine-state": {
      "inputs": {
        "futils": "futils_2",
        "nixpkgs": "nixpkgs"
      },
      "locked": {
        "lastModified": 1767892400,
        "narHash": "sha256-cVNE+/rFRMavdj2xtBzKL0wdnyz8x+R9OF4jWXW8RR4=",
        "ref": "refs/heads/master",
        "rev": "11a51d0c0ffcdb5241a9deb4e5d9687f8aa7f798",
        "revCount": 88,
        "type": "git",
        "url": "https://gitlab.cri.epita.fr/forge/packages/machine-state.git"
      },
      "original": {
        "type": "git",
        "url": "https://gitlab.cri.epita.fr/forge/packages/machine-state.git"
      }
    },
    "nixpkgs": {
      "locked": {
        "lastModified": 1767888601,
        "narHash": "sha256-IXMASXN+s5Q1GdzrPvAalYx3mAtpsLaKlr33hIDbVWM=",
        "owner": "NixOS",
        "repo": "nixpkgs",
        "rev": "88d34a0be4452ccc68dd661bdc1c5eca06509ca0",
        "type": "github"
      },
      "original": {
        "owner": "NixOS",
        "repo": "nixpkgs",
        "type": "github"
      }
    },
    "nixpkgs-esp-dev": {
      "inputs": {
        "flake-utils": [
          "futils"
        ],
        "nixpkgs": [
          "nixpkgs"
        ]
      },
      "locked": {
        "lastModified": 1767865407,
        "narHash": "sha256-QWF1rZYd+HvNzLIeRS+OEBX7HF0EhWCGeLbMkgtbsIo=",
        "owner": "mirrexagon",
        "repo": "nixpkgs-esp-dev",
        "rev": "5287d6e1ca9e15ebd5113c41b9590c468e1e001b",
        "type": "github"
      },
      "original": {
        "owner": "mirrexagon",
        "repo": "nixpkgs-esp-dev",
        "type": "github"
      }
    },
    "nixpkgsMaster": {
      "locked": {
        "lastModified": 1772466436,
        "narHash": "sha256-qi4QN6iqbI1nLFFi4raVidzAvGJcufbOOFfmoN1/0EU=",
        "owner": "NixOS",
        "repo": "nixpkgs",
        "rev": "d7cefed47654b25f03d0ba27516f2f8f801dea82",
        "type": "github"
      },
      "original": {
        "owner": "NixOS",
        "ref": "master",
        "repo": "nixpkgs",
        "type": "github"
      }
    },
    "nixpkgsUnstable": {
      "locked": {
        "lastModified": 1772419343,
        "narHash": "sha256-QU3Cd5DJH7dHyMnGEFfPcZDaCAsJQ6tUD+JuUsYqnKU=",
        "owner": "NixOS",
        "repo": "nixpkgs",
        "rev": "93178f6a00c22fcdee1c6f5f9ab92f2072072ea9",
        "type": "github"
      },
      "original": {
        "owner": "NixOS",
        "ref": "nixpkgs-unstable",
        "repo": "nixpkgs",
        "type": "github"
      }
    },
    "nixpkgs_2": {
      "locked": {
        "lastModified": 1772047000,
        "narHash": "sha256-7DaQVv4R97cii/Qdfy4tmDZMB2xxtyIvNGSwXBBhSmo=",
        "owner": "NixOS",
        "repo": "nixpkgs",
        "rev": "1267bb4920d0fc06ea916734c11b0bf004bbe17e",
        "type": "github"
      },
      "original": {
        "owner": "NixOS",
        "ref": "nixos-25.11",
        "repo": "nixpkgs",
        "type": "github"
      }
    },
    "root": {
      "inputs": {
        "docker-nixpkgs": "docker-nixpkgs",
        "flake-compat": "flake-compat",
        "futils": "futils",
        "machine-state": "machine-state",
        "nixpkgs": "nixpkgs_2",
        "nixpkgs-esp-dev": "nixpkgs-esp-dev",
        "nixpkgsMaster": "nixpkgsMaster",
        "nixpkgsUnstable": "nixpkgsUnstable"
      }
    },
    "systems": {
      "locked": {
        "lastModified": 1681028828,
        "narHash": "sha256-Vy1rq5AaRuLzOxct8nz4T6wlgyUR7zLU309k9mBC768=",
        "owner": "nix-systems",
        "repo": "default",
        "rev": "da67096a3b9bf56a91d16901293e51ba5b49a27e",
        "type": "github"
      },
      "original": {
        "owner": "nix-systems",
        "repo": "default",
        "type": "github"
      }
    },
    "systems_2": {
      "locked": {
        "lastModified": 1681028828,
        "narHash": "sha256-Vy1rq5AaRuLzOxct8nz4T6wlgyUR7zLU309k9mBC768=",
        "owner": "nix-systems",
        "repo": "default",
        "rev": "da67096a3b9bf56a91d16901293e51ba5b49a27e",
        "type": "github"
      },
      "original": {
        "owner": "nix-systems",
        "repo": "default",
        "type": "github"
      }
    }
  },
  "root": "root",
  "version": 7
}
